
Microsoft Visual Studio Solution File, Format Version 12.00
# Visual Studio Version 17
VisualStudioVersion = 17.5.33627.172
MinimumVisualStudioVersion = 10.0.40219.1
Project("{9A19103F-16F7-4668-BE54-9A1E7A4F7556}") = "BusinessObjects", "BusinessObjects\BusinessObjects.csproj", "{5739A8CA-9652-45CF-82DE-C97BC3AA4332}"
EndProject
Project("{9A19103F-16F7-4668-BE54-9A1E7A4F7556}") = "DataAccess", "DataAccess\DataAccess.csproj", "{C3FC5072-315F-447C-B108-B384282D95DC}"
EndProject
Project("{9A19103F-16F7-4668-BE54-9A1E7A4F7556}") = "Repositories", "Repositories\Repositories.csproj", "{3A8390AD-C750-4C07-941C-6036342C7B21}"
EndProject
Project("{9A19103F-16F7-4668-BE54-9A1E7A4F7556}") = "CarRentingWebApi", "CarRentingWebApi\CarRentingWebApi.csproj", "{3C2D5788-A728-4F11-B32B-D36E2F256957}"
EndProject
Project("{9A19103F-16F7-4668-BE54-9A1E7A4F7556}") = "CarRentingWebClient", "CarRentingWebClient\CarRentingWebClient.csproj", "{59BDA0EF-BD59-4A84-BDD2-865701A14190}"
EndProject
Global
	GlobalSection(SolutionConfigurationPlatforms) = preSolution
		Debug|Any CPU = Debug|Any CPU
		Release|Any CPU = Release|Any CPU
	EndGlobalSection
	GlobalSection(ProjectConfigurationPlatforms) = postSolution
		{5739A8CA-9652-45CF-82DE-C97BC3AA4332}.Debug|Any CPU.ActiveCfg = Debug|Any CPU
		{5739A8CA-9652-45CF-82DE-C97BC3AA4332}.Debug|Any CPU.Build.0 = Debug|Any CPU
		{5739A8CA-9652-45CF-82DE-C97BC3AA4332}.Release|Any CPU.ActiveCfg = Release|Any CPU
		{5739A8CA-9652-45CF-82DE-C97BC3AA4332}.Release|Any CPU.Build.0 = Release|Any CPU
		{C3FC5072-315F-447C-B108-B384282D95DC}.Debug|Any CPU.ActiveCfg = Debug|Any CPU
		{C3FC5072-315F-447C-B108-B384282D95DC}.Debug|Any CPU.Build.0 = Debug|Any CPU
		{C3FC5072-315F-447C-B108-B384282D95DC}.Release|Any CPU.ActiveCfg = Release|Any CPU
		{C3FC5072-315F-447C-B108-B384282D95DC}.Release|Any CPU.Build.0 = Release|Any CPU
		{3A8390AD-C750-4C07-941C-6036342C7B21}.Debug|Any CPU.ActiveCfg = Debug|Any CPU
		{3A8390AD-C750-4C07-941C-6036342C7B21}.Debug|Any CPU.Build.0 = Debug|Any CPU
		{3A8390AD-C750-4C07-941C-6036342C7B21}.Release|Any CPU.ActiveCfg = Release|Any CPU
		{3A8390AD-C750-4C07-941C-6036342C7B21}.Release|Any CPU.Build.0 = Release|Any CPU
		{3C2D5788-A728-4F11-B32B-D36E2F256957}.Debug|Any CPU.ActiveCfg = Debug|Any CPU
		{3C2D5788-A728-4F11-B32B-D36E2F256957}.Debug|Any CPU.Build.0 = Debug|Any CPU
		{3C2D5788-A728-4F11-B32B-D36E2F256957}.Release|Any CPU.ActiveCfg = Release|Any CPU
		{3C2D5788-A728-4F11-B32B-D36E2F256957}.Release|Any CPU.Build.0 = Release|Any CPU
		{59BDA0EF-BD59-4A84-BDD2-865701A14190}.Debug|Any CPU.ActiveCfg = Debug|Any CPU
		{59BDA0EF-BD59-4A84-BDD2-865701A14190}.Debug|Any CPU.Build.0 = Debug|Any CPU
		{59BDA0EF-BD59-4A84-BDD2-865701A14190}.Release|Any CPU.ActiveCfg = Release|Any CPU
		{59BDA0EF-BD59-4A84-BDD2-865701A14190}.Release|Any CPU.Build.0 = Release|Any CPU
	EndGlobalSection
	GlobalSection(SolutionProperties) = preSolution
		HideSolutionNode = FALSE
	EndGlobalSection
	GlobalSection(ExtensibilityGlobals) = postSolution
		SolutionGuid = {94429E8A-AF2C-40EE-9A58-0EFB09337AB2}
	EndGlobalSection
EndGlobal
